
Microsoft Visual Studio Solution File, Format Version 12.00
# Visual Studio 15
VisualStudioVersion = 15.0.27703.2047
MinimumVisualStudioVersion = 10.0.40219.1
Project("{FAE04EC0-301F-11D3-BF4B-00C04F79EFBC}") = "RealWorld", "RealWorld\RealWorld.csproj", "{DCE82F17-7C20-436E-9181-6EFC71F5D65C}"
EndProject
Global
	GlobalSection(SolutionConfigurationPlatforms) = preSolution
		Debug|Any CPU = Debug|Any CPU
		Release|Any CPU = Release|Any CPU
	EndGlobalSection
	GlobalSection(ProjectConfigurationPlatforms) = postSolution
		{DCE82F17-7C20-436E-9181-6EFC71F5D65C}.Debug|Any CPU.ActiveCfg = Debug|Any CPU
		{DCE82F17-7C20-436E-9181-6EFC71F5D65C}.Debug|Any CPU.Build.0 = Debug|Any CPU
		{DCE82F17-7C20-436E-9181-6EFC71F5D65C}.Release|Any CPU.ActiveCfg = Release|Any CPU
		{DCE82F17-7C20-436E-9181-6EFC71F5D65C}.Release|Any CPU.Build.0 = Release|Any CPU
	EndGlobalSection
	GlobalSection(SolutionProperties) = preSolution
		HideSolutionNode = FALSE
	EndGlobalSection
	GlobalSection(ExtensibilityGlobals) = postSolution
		SolutionGuid = {58438EAD-B498-49AC-8203-D8A6B4BBF15E}
	EndGlobalSection
EndGlobal
